google.golang.org/genproto v0.0.0-20240723171418-e6d459c13d2a h1:hPbLwHFm59QoSKUT0uGaL19YN4U9W5lY4+iNXlUBNj0=
google.golang.org/genproto v0.0.0-20240723171418-e6d459c13d2a/go.mod h1:+7gIV7FP6jBo5hiY2lsWA//NkNORQVj0J1Isc/4HzR4=
google.golang.org/protobuf v1.34.2 h1:6xV6lTsCfpGD21XK49h7MhtcApnLqkfYgPcdHftf6hg=
google.golang.org/protobuf v1.34.2/go.mod h1:qYOHts0dSfpeUzUFpOMr/WGzszTmLH+DiWniOlNbLDw=
